# @generated by Move, please check-in and do not edit manually.

[move]
version = 3
manifest_digest = "F9A8E52131631228D61FB283F77BF7D78581FCCD8B5038552BE57C8A7933C55A"
deps_digest = "F8BBB0CCB2491CA29A3DF03D6F92277A4F3574266507ACD77214D37ECA3F3082"
dependencies = [
  { id = "Sui", name = "Sui" },
]

[[move.package]]
id = "MoveStdlib"
source = { git = "https://github.com/MystenLabs/sui.git", rev = "mainnet-v1.30.1", subdir = "crates/sui-framework/packages/move-stdlib" }

[[move.package]]
id = "Sui"
source = { git = "https://github.com/MystenLabs/sui.git", rev = "mainnet-v1.30.1", subdir = "crates/sui-framework/packages/sui-framework" }

dependencies = [
  { id = "MoveStdlib", name = "MoveStdlib" },
]

[move.toolchain-version]
compiler-version = "1.44.2"
edition = "2024"
flavor = "sui"

[env]

[env.mainnet]
chain-id = "35834a8a"
original-published-id = "0x2cf6a544fe82f1ecf133cb2571eb794599b6091544f78a1f0478e388db7fe22f"
latest-published-id = "0x2cf6a544fe82f1ecf133cb2571eb794599b6091544f78a1f0478e388db7fe22f"
published-version = "1"

[env.testnet]
chain-id = "4c78adac"
original-published-id = "0xf97b04b7eb81ddf8a6b613ac702fb51adde9d7cabf013cb993c408f19fbf066b"
latest-published-id = "0xf97b04b7eb81ddf8a6b613ac702fb51adde9d7cabf013cb993c408f19fbf066b"
published-version = "1"
